
Microsoft Visual Studio Solution File, Format Version 12.00
# Visual Studio 15
VisualStudioVersion = 15.0.26124.0
MinimumVisualStudioVersion = 15.0.26124.0
Project("{FAE04EC0-301F-11D3-BF4B-00C04F79EFBC}") = "BulletData", "BulletData\BulletData.csproj", "{CA8BEB9A-DCFA-4C66-85B4-2D899F216920}"
EndProject
Project("{FAE04EC0-301F-11D3-BF4B-00C04F79EFBC}") = "Tests", "Tests\Tests.csproj", "{210E6724-2581-49CC-BC83-8DA25E53B536}"
EndProject
Project("{FAE04EC0-301F-11D3-BF4B-00C04F79EFBC}") = "BlazorToDo", "BlazorToDo\BlazorToDo.csproj", "{DA2F532A-EA48-46AA-BC02-FD8F7838066A}"
EndProject
Global
	GlobalSection(SolutionConfigurationPlatforms) = preSolution
		Debug|Any CPU = Debug|Any CPU
		Debug|x64 = Debug|x64
		Debug|x86 = Debug|x86
		Release|Any CPU = Release|Any CPU
		Release|x64 = Release|x64
		Release|x86 = Release|x86
	EndGlobalSection
	GlobalSection(SolutionProperties) = preSolution
		HideSolutionNode = FALSE
	EndGlobalSection
	GlobalSection(ProjectConfigurationPlatforms) = postSolution
		{CA8BEB9A-DCFA-4C66-85B4-2D899F216920}.Debug|Any CPU.ActiveCfg = Debug|Any CPU
		{CA8BEB9A-DCFA-4C66-85B4-2D899F216920}.Debug|Any CPU.Build.0 = Debug|Any CPU
		{CA8BEB9A-DCFA-4C66-85B4-2D899F216920}.Debug|x64.ActiveCfg = Debug|Any CPU
		{CA8BEB9A-DCFA-4C66-85B4-2D899F216920}.Debug|x64.Build.0 = Debug|Any CPU
		{CA8BEB9A-DCFA-4C66-85B4-2D899F216920}.Debug|x86.ActiveCfg = Debug|Any CPU
		{CA8BEB9A-DCFA-4C66-85B4-2D899F216920}.Debug|x86.Build.0 = Debug|Any CPU
		{CA8BEB9A-DCFA-4C66-85B4-2D899F216920}.Release|Any CPU.ActiveCfg = Release|Any CPU
		{CA8BEB9A-DCFA-4C66-85B4-2D899F216920}.Release|Any CPU.Build.0 = Release|Any CPU
		{CA8BEB9A-DCFA-4C66-85B4-2D899F216920}.Release|x64.ActiveCfg = Release|Any CPU
		{CA8BEB9A-DCFA-4C66-85B4-2D899F216920}.Release|x64.Build.0 = Release|Any CPU
		{CA8BEB9A-DCFA-4C66-85B4-2D899F216920}.Release|x86.ActiveCfg = Release|Any CPU
		{CA8BEB9A-DCFA-4C66-85B4-2D899F216920}.Release|x86.Build.0 = Release|Any CPU
		{210E6724-2581-49CC-BC83-8DA25E53B536}.Debug|Any CPU.ActiveCfg = Debug|Any CPU
		{210E6724-2581-49CC-BC83-8DA25E53B536}.Debug|Any CPU.Build.0 = Debug|Any CPU
		{210E6724-2581-49CC-BC83-8DA25E53B536}.Debug|x64.ActiveCfg = Debug|Any CPU
		{210E6724-2581-49CC-BC83-8DA25E53B536}.Debug|x64.Build.0 = Debug|Any CPU
		{210E6724-2581-49CC-BC83-8DA25E53B536}.Debug|x86.ActiveCfg = Debug|Any CPU
		{210E6724-2581-49CC-BC83-8DA25E53B536}.Debug|x86.Build.0 = Debug|Any CPU
		{210E6724-2581-49CC-BC83-8DA25E53B536}.Release|Any CPU.ActiveCfg = Release|Any CPU
		{210E6724-2581-49CC-BC83-8DA25E53B536}.Release|Any CPU.Build.0 = Release|Any CPU
		{210E6724-2581-49CC-BC83-8DA25E53B536}.Release|x64.ActiveCfg = Release|Any CPU
		{210E6724-2581-49CC-BC83-8DA25E53B536}.Release|x64.Build.0 = Release|Any CPU
		{210E6724-2581-49CC-BC83-8DA25E53B536}.Release|x86.ActiveCfg = Release|Any CPU
		{210E6724-2581-49CC-BC83-8DA25E53B536}.Release|x86.Build.0 = Release|Any CPU
		{DA2F532A-EA48-46AA-BC02-FD8F7838066A}.Debug|Any CPU.ActiveCfg = Debug|Any CPU
		{DA2F532A-EA48-46AA-BC02-FD8F7838066A}.Debug|Any CPU.Build.0 = Debug|Any CPU
		{DA2F532A-EA48-46AA-BC02-FD8F7838066A}.Debug|x64.ActiveCfg = Debug|Any CPU
		{DA2F532A-EA48-46AA-BC02-FD8F7838066A}.Debug|x64.Build.0 = Debug|Any CPU
		{DA2F532A-EA48-46AA-BC02-FD8F7838066A}.Debug|x86.ActiveCfg = Debug|Any CPU
		{DA2F532A-EA48-46AA-BC02-FD8F7838066A}.Debug|x86.Build.0 = Debug|Any CPU
		{DA2F532A-EA48-46AA-BC02-FD8F7838066A}.Release|Any CPU.ActiveCfg = Release|Any CPU
		{DA2F532A-EA48-46AA-BC02-FD8F7838066A}.Release|Any CPU.Build.0 = Release|Any CPU
		{DA2F532A-EA48-46AA-BC02-FD8F7838066A}.Release|x64.ActiveCfg = Release|Any CPU
		{DA2F532A-EA48-46AA-BC02-FD8F7838066A}.Release|x64.Build.0 = Release|Any CPU
		{DA2F532A-EA48-46AA-BC02-FD8F7838066A}.Release|x86.ActiveCfg = Release|Any CPU
		{DA2F532A-EA48-46AA-BC02-FD8F7838066A}.Release|x86.Build.0 = Release|Any CPU
	EndGlobalSection
EndGlobal
